// !$*UTF8*$!
{
	archiveVersion = 1;
	classes = {
	};
	objectVersion = 55;
	objects = {

/* Begin PBXBuildFile section */
		34987B7E26E1E2B70046357B /* SoundCatalogKit.framework in Frameworks */ = {isa = PBXBuildFile; fileRef = 34987B7D26E1E2B70046357B /* SoundCatalogKit.framework */; };
		34987B7F26E1E2B70046357B /* SoundCatalogKit.framework in Embed Frameworks */ = {isa = PBXBuildFile; fileRef = 34987B7D26E1E2B70046357B /* SoundCatalogKit.framework */; settings = {ATTRIBUTES = (CodeSignOnCopy, RemoveHeadersOnCopy, ); }; };
		34987B8226E1E9690046357B /* FrameworkActions.swift in Sources */ = {isa = PBXBuildFile; fileRef = 34987B8126E1E9690046357B /* FrameworkActions.swift */; };
		34987B8526E1EC040046357B /* ActionsTableViewCell.swift in Sources */ = {isa = PBXBuildFile; fileRef = 34987B8326E1EC040046357B /* ActionsTableViewCell.swift */; };
		34987B8626E1EC040046357B /* ActionsTableViewCell.xib in Resources */ = {isa = PBXBuildFile; fileRef = 34987B8426E1EC040046357B /* ActionsTableViewCell.xib */; };
		34987B8826E1F3260046357B /* ActionsDetailsViewController.swift in Sources */ = {isa = PBXBuildFile; fileRef = 34987B8726E1F3260046357B /* ActionsDetailsViewController.swift */; };
		34987B8A26E1FD4F0046357B /* UImage+Names.swift in Sources */ = {isa = PBXBuildFile; fileRef = 34987B8926E1FD4F0046357B /* UImage+Names.swift */; };
		34987B8C26E202900046357B /* Shark.swift in Sources */ = {isa = PBXBuildFile; fileRef = 34987B8B26E202900046357B /* Shark.swift */; };
		34987B8F26E2068E0046357B /* BabyShark.m4a in Resources */ = {isa = PBXBuildFile; fileRef = 34987B8E26E2068E0046357B /* BabyShark.m4a */; };
		34DAD32326E1CEFA00FB9972 /* AppDelegate.swift in Sources */ = {isa = PBXBuildFile; fileRef = 34DAD32226E1CEFA00FB9972 /* AppDelegate.swift */; };
		34DAD32726E1CEFA00FB9972 /* ViewController.swift in Sources */ = {isa = PBXBuildFile; fileRef = 34DAD32626E1CEFA00FB9972 /* ViewController.swift */; };
		34DAD32A26E1CEFA00FB9972 /* Main.storyboard in Resources */ = {isa = PBXBuildFile; fileRef = 34DAD32826E1CEFA00FB9972 /* Main.storyboard */; };
		34DAD32C26E1CEFD00FB9972 /* Assets.xcassets in Resources */ = {isa = PBXBuildFile; fileRef = 34DAD32B26E1CEFD00FB9972 /* Assets.xcassets */; };
		34DAD32F26E1CEFD00FB9972 /* LaunchScreen.storyboard in Resources */ = {isa = PBXBuildFile; fileRef = 34DAD32D26E1CEFD00FB9972 /* LaunchScreen.storyboard */; };
		34F287A826E217C30042F6FA /* CatalogProvider.swift in Sources */ = {isa = PBXBuildFile; fileRef = 34F287A726E217C30042F6FA /* CatalogProvider.swift */; };
		34F287AC26E21E4B0042F6FA /* BabyShark.shazamsignature in Resources */ = {isa = PBXBuildFile; fileRef = 34F287AB26E21E4B0042F6FA /* BabyShark.shazamsignature */; };
		34F287B026E21FE40042F6FA /* BabyShark.shazamcatalog in Resources */ = {isa = PBXBuildFile; fileRef = 34F287AF26E21FE40042F6FA /* BabyShark.shazamcatalog */; };
/* End PBXBuildFile section */

/* Begin PBXCopyFilesBuildPhase section */
		34987B8026E1E2B70046357B /* Embed Frameworks */ = {
			isa = PBXCopyFilesBuildPhase;
			buildActionMask = 2147483647;
			dstPath = "";
			dstSubfolderSpec = 10;
			files = (
				34987B7F26E1E2B70046357B /* SoundCatalogKit.framework in Embed Frameworks */,
			);
			name = "Embed Frameworks";
			runOnlyForDeploymentPostprocessing = 0;
		};
/* End PBXCopyFilesBuildPhase section */

/* Begin PBXFileReference section */
		34987B7D26E1E2B70046357B /* SoundCatalogKit.framework */ = {isa = PBXFileReference; explicitFileType = wrapper.framework; path = SoundCatalogKit.framework; sourceTree = BUILT_PRODUCTS_DIR; };
		34987B8126E1E9690046357B /* FrameworkActions.swift */ = {isa = PBXFileReference; lastKnownFileType = sourcecode.swift; path = FrameworkActions.swift; sourceTree = "<group>"; };
		34987B8326E1EC040046357B /* ActionsTableViewCell.swift */ = {isa = PBXFileReference; lastKnownFileType = sourcecode.swift; path = ActionsTableViewCell.swift; sourceTree = "<group>"; };
		34987B8426E1EC040046357B /* ActionsTableViewCell.xib */ = {isa = PBXFileReference; lastKnownFileType = file.xib; path = ActionsTableViewCell.xib; sourceTree = "<group>"; };
		34987B8726E1F3260046357B /* ActionsDetailsViewController.swift */ = {isa = PBXFileReference; lastKnownFileType = sourcecode.swift; path = ActionsDetailsViewController.swift; sourceTree = "<group>"; };
		34987B8926E1FD4F0046357B /* UImage+Names.swift */ = {isa = PBXFileReference; lastKnownFileType = sourcecode.swift; path = "UImage+Names.swift"; sourceTree = "<group>"; };
		34987B8B26E202900046357B /* Shark.swift */ = {isa = PBXFileReference; lastKnownFileType = sourcecode.swift; path = Shark.swift; sourceTree = "<group>"; };
		34987B8E26E2068E0046357B /* BabyShark.m4a */ = {isa = PBXFileReference; lastKnownFileType = file; path = BabyShark.m4a; sourceTree = "<group>"; };
		34DAD31F26E1CEFA00FB9972 /* ExampleApp.app */ = {isa = PBXFileReference; explicitFileType = wrapper.application; includeInIndex = 0; path = ExampleApp.app; sourceTree = BUILT_PRODUCTS_DIR; };
		34DAD32226E1CEFA00FB9972 /* AppDelegate.swift */ = {isa = PBXFileReference; lastKnownFileType = sourcecode.swift; path = AppDelegate.swift; sourceTree = "<group>"; };
		34DAD32626E1CEFA00FB9972 /* ViewController.swift */ = {isa = PBXFileReference; lastKnownFileType = sourcecode.swift; path = ViewController.swift; sourceTree = "<group>"; };
		34DAD32926E1CEFA00FB9972 /* Base */ = {isa = PBXFileReference; lastKnownFileType = file.storyboard; name = Base; path = Base.lproj/Main.storyboard; sourceTree = "<group>"; };
		34DAD32B26E1CEFD00FB9972 /* Assets.xcassets */ = {isa = PBXFileReference; lastKnownFileType = folder.assetcatalog; path = Assets.xcassets; sourceTree = "<group>"; };
		34DAD32E26E1CEFD00FB9972 /* Base */ = {isa = PBXFileReference; lastKnownFileType = file.storyboard; name = Base; path = Base.lproj/LaunchScreen.storyboard; sourceTree = "<group>"; };
		34DAD33026E1CEFD00FB9972 /* Info.plist */ = {isa = PBXFileReference; lastKnownFileType = text.plist.xml; path = Info.plist; sourceTree = "<group>"; };
		34F287A726E217C30042F6FA /* CatalogProvider.swift */ = {isa = PBXFileReference; lastKnownFileType = sourcecode.swift; path = CatalogProvider.swift; sourceTree = "<group>"; };
		34F287AB26E21E4B0042F6FA /* BabyShark.shazamsignature */ = {isa = PBXFileReference; lastKnownFileType = file; path = BabyShark.shazamsignature; sourceTree = "<group>"; };
		34F287AF26E21FE40042F6FA /* BabyShark.shazamcatalog */ = {isa = PBXFileReference; lastKnownFileType = file; path = BabyShark.shazamcatalog; sourceTree = "<group>"; };
/* End PBXFileReference section */

/* Begin PBXFrameworksBuildPhase section */
		34DAD31C26E1CEFA00FB9972 /* Frameworks */ = {
			isa = PBXFrameworksBuildPhase;
			buildActionMask = 2147483647;
			files = (
				34987B7E26E1E2B70046357B /* SoundCatalogKit.framework in Frameworks */,
			);
			runOnlyForDeploymentPostprocessing = 0;
		};
/* End PBXFrameworksBuildPhase section */

/* Begin PBXGroup section */
		34987B7C26E1E2B70046357B /* Frameworks */ = {
			isa = PBXGroup;
			children = (
				34987B7D26E1E2B70046357B /* SoundCatalogKit.framework */,
			);
			name = Frameworks;
			sourceTree = "<group>";
		};
		34987B8D26E206840046357B /* Resources */ = {
			isa = PBXGroup;
			children = (
				34F287AF26E21FE40042F6FA /* BabyShark.shazamcatalog */,
				34F287AB26E21E4B0042F6FA /* BabyShark.shazamsignature */,
				34DAD33026E1CEFD00FB9972 /* Info.plist */,
				34DAD32B26E1CEFD00FB9972 /* Assets.xcassets */,
				34987B8E26E2068E0046357B /* BabyShark.m4a */,
			);
			path = Resources;
			sourceTree = "<group>";
		};
		34DAD31626E1CEFA00FB9972 = {
			isa = PBXGroup;
			children = (
				34DAD32126E1CEFA00FB9972 /* ExampleApp */,
				34DAD32026E1CEFA00FB9972 /* Products */,
				34987B7C26E1E2B70046357B /* Frameworks */,
			);
			sourceTree = "<group>";
		};
		34DAD32026E1CEFA00FB9972 /* Products */ = {
			isa = PBXGroup;
			children = (
				34DAD31F26E1CEFA00FB9972 /* ExampleApp.app */,
			);
			name = Products;
			sourceTree = "<group>";
		};
		34DAD32126E1CEFA00FB9972 /* ExampleApp */ = {
			isa = PBXGroup;
			children = (
				34F287A626E2176C0042F6FA /* Data */,
				34F287A426E217570042F6FA /* ViewControllers */,
				34F287A326E217410042F6FA /* View */,
				34F287A226E2171E0042F6FA /* Extensions */,
				34987B8D26E206840046357B /* Resources */,
				34DAD32226E1CEFA00FB9972 /* AppDelegate.swift */,
			);
			path = ExampleApp;
			sourceTree = "<group>";
		};
		34F287A226E2171E0042F6FA /* Extensions */ = {
			isa = PBXGroup;
			children = (
				34987B8926E1FD4F0046357B /* UImage+Names.swift */,
			);
			path = Extensions;
			sourceTree = "<group>";
		};
		34F287A326E217410042F6FA /* View */ = {
			isa = PBXGroup;
			children = (
				34DAD32826E1CEFA00FB9972 /* Main.storyboard */,
				34DAD32D26E1CEFD00FB9972 /* LaunchScreen.storyboard */,
				34987B8426E1EC040046357B /* ActionsTableViewCell.xib */,
			);
			path = View;
			sourceTree = "<group>";
		};
		34F287A426E217570042F6FA /* ViewControllers */ = {
			isa = PBXGroup;
			children = (
				34DAD32626E1CEFA00FB9972 /* ViewController.swift */,
				34987B8726E1F3260046357B /* ActionsDetailsViewController.swift */,
				34F287A526E2175E0042F6FA /* Cell */,
			);
			path = ViewControllers;
			sourceTree = "<group>";
		};
		34F287A526E2175E0042F6FA /* Cell */ = {
			isa = PBXGroup;
			children = (
				34987B8326E1EC040046357B /* ActionsTableViewCell.swift */,
			);
			path = Cell;
			sourceTree = "<group>";
		};
		34F287A626E2176C0042F6FA /* Data */ = {
			isa = PBXGroup;
			children = (
				34987B8126E1E9690046357B /* FrameworkActions.swift */,
				34987B8B26E202900046357B /* Shark.swift */,
				34F287A726E217C30042F6FA /* CatalogProvider.swift */,
			);
			path = Data;
			sourceTree = "<group>";
		};
/* End PBXGroup section */

/* Begin PBXNativeTarget section */
		34DAD31E26E1CEFA00FB9972 /* ExampleApp */ = {
			isa = PBXNativeTarget;
			buildConfigurationList = 34DAD33326E1CEFD00FB9972 /* Build configuration list for PBXNativeTarget "ExampleApp" */;
			buildPhases = (
				34DAD31B26E1CEFA00FB9972 /* Sources */,
				34DAD31C26E1CEFA00FB9972 /* Frameworks */,
				34DAD31D26E1CEFA00FB9972 /* Resources */,
				34987B8026E1E2B70046357B /* Embed Frameworks */,
			);
			buildRules = (
			);
			dependencies = (
			);
			name = ExampleApp;
			productName = ExampleApp;
			productReference = 34DAD31F26E1CEFA00FB9972 /* ExampleApp.app */;
			productType = "com.apple.product-type.application";
		};
/* End PBXNativeTarget section */

/* Begin PBXProject section */
		34DAD31726E1CEFA00FB9972 /* Project object */ = {
			isa = PBXProject;
			attributes = {
				BuildIndependentTargetsInParallel = 1;
				LastSwiftUpdateCheck = 1300;
				LastUpgradeCheck = 1300;
				TargetAttributes = {
					34DAD31E26E1CEFA00FB9972 = {
						CreatedOnToolsVersion = 13.0;
					};
				};
			};
			buildConfigurationList = 34DAD31A26E1CEFA00FB9972 /* Build configuration list for PBXProject "ExampleApp" */;
			compatibilityVersion = "Xcode 13.0";
			developmentRegion = en;
			hasScannedForEncodings = 0;
			knownRegions = (
				en,
				Base,
			);
			mainGroup = 34DAD31626E1CEFA00FB9972;
			productRefGroup = 34DAD32026E1CEFA00FB9972 /* Products */;
			projectDirPath = "";
			projectRoot = "";
			targets = (
				34DAD31E26E1CEFA00FB9972 /* ExampleApp */,
			);
		};
/* End PBXProject section */

/* Begin PBXResourcesBuildPhase section */
		34DAD31D26E1CEFA00FB9972 /* Resources */ = {
			isa = PBXResourcesBuildPhase;
			buildActionMask = 2147483647;
			files = (
				34F287AC26E21E4B0042F6FA /* BabyShark.shazamsignature in Resources */,
				34DAD32F26E1CEFD00FB9972 /* LaunchScreen.storyboard in Resources */,
				34987B8626E1EC040046357B /* ActionsTableViewCell.xib in Resources */,
				34DAD32C26E1CEFD00FB9972 /* Assets.xcassets in Resources */,
				34DAD32A26E1CEFA00FB9972 /* Main.storyboard in Resources */,
				34F287B026E21FE40042F6FA /* BabyShark.shazamcatalog in Resources */,
				34987B8F26E2068E0046357B /* BabyShark.m4a in Resources */,
			);
			runOnlyForDeploymentPostprocessing = 0;
		};
/* End PBXResourcesBuildPhase section */

/* Begin PBXSourcesBuildPhase section */
		34DAD31B26E1CEFA00FB9972 /* Sources */ = {
			isa = PBXSourcesBuildPhase;
			buildActionMask = 2147483647;
			files = (
				34DAD32726E1CEFA00FB9972 /* ViewController.swift in Sources */,
				34987B8526E1EC040046357B /* ActionsTableViewCell.swift in Sources */,
				34DAD32326E1CEFA00FB9972 /* AppDelegate.swift in Sources */,
				34987B8226E1E9690046357B /* FrameworkActions.swift in Sources */,
				34987B8C26E202900046357B /* Shark.swift in Sources */,
				34987B8A26E1FD4F0046357B /* UImage+Names.swift in Sources */,
				34F287A826E217C30042F6FA /* CatalogProvider.swift in Sources */,
				34987B8826E1F3260046357B /* ActionsDetailsViewController.swift in Sources */,
			);
			runOnlyForDeploymentPostprocessing = 0;
		};
/* End PBXSourcesBuildPhase section */

/* Begin PBXVariantGroup section */
		34DAD32826E1CEFA00FB9972 /* Main.storyboard */ = {
			isa = PBXVariantGroup;
			children = (
				34DAD32926E1CEFA00FB9972 /* Base */,
			);
			name = Main.storyboard;
			sourceTree = "<group>";
		};
		34DAD32D26E1CEFD00FB9972 /* LaunchScreen.storyboard */ = {
			isa = PBXVariantGroup;
			children = (
				34DAD32E26E1CEFD00FB9972 /* Base */,
			);
			name = LaunchScreen.storyboard;
			sourceTree = "<group>";
		};
/* End PBXVariantGroup section */

/* Begin XCBuildConfiguration section */
		34DAD33126E1CEFD00FB9972 /* Debug */ = {
			isa = XCBuildConfiguration;
			buildSettings = {
				ALWAYS_SEARCH_USER_PATHS = NO;
				CLANG_ANALYZER_NONNULL = YES;
				CLANG_ANALYZER_NUMBER_OBJECT_CONVERSION = YES_AGGRESSIVE;
				CLANG_CXX_LANGUAGE_STANDARD = "gnu++17";
				CLANG_CXX_LIBRARY = "libc++";
				CLANG_ENABLE_MODULES = YES;
				CLANG_ENABLE_OBJC_ARC = YES;
				CLANG_ENABLE_OBJC_WEAK = YES;
				CLANG_WARN_BLOCK_CAPTURE_AUTORELEASING = YES;
				CLANG_WARN_BOOL_CONVERSION = YES;
				CLANG_WARN_COMMA = YES;
				CLANG_WARN_CONSTANT_CONVERSION = YES;
				CLANG_WARN_DEPRECATED_OBJC_IMPLEMENTATIONS = YES;
				CLANG_WARN_DIRECT_OBJC_ISA_USAGE = YES_ERROR;
				CLANG_WARN_DOCUMENTATION_COMMENTS = YES;
				CLANG_WARN_EMPTY_BODY = YES;
				CLANG_WARN_ENUM_CONVERSION = YES;
				CLANG_WARN_INFINITE_RECURSION = YES;
				CLANG_WARN_INT_CONVERSION = YES;
				CLANG_WARN_NON_LITERAL_NULL_CONVERSION = YES;
				CLANG_WARN_OBJC_IMPLICIT_RETAIN_SELF = YES;
				CLANG_WARN_OBJC_LITERAL_CONVERSION = YES;
				CLANG_WARN_OBJC_ROOT_CLASS = YES_ERROR;
				CLANG_WARN_QUOTED_INCLUDE_IN_FRAMEWORK_HEADER = YES;
				CLANG_WARN_RANGE_LOOP_ANALYSIS = YES;
				CLANG_WARN_STRICT_PROTOTYPES = YES;
				CLANG_WARN_SUSPICIOUS_MOVE = YES;
				CLANG_WARN_UNGUARDED_AVAILABILITY = YES_AGGRESSIVE;
				CLANG_WARN_UNREACHABLE_CODE = YES;
				CLANG_WARN__DUPLICATE_METHOD_MATCH = YES;
				COPY_PHASE_STRIP = NO;
				DEBUG_INFORMATION_FORMAT = dwarf;
				ENABLE_STRICT_OBJC_MSGSEND = YES;
				ENABLE_TESTABILITY = YES;
				GCC_C_LANGUAGE_STANDARD = gnu11;
				GCC_DYNAMIC_NO_PIC = NO;
				GCC_NO_COMMON_BLOCKS = YES;
				GCC_OPTIMIZATION_LEVEL = 0;
				GCC_PREPROCESSOR_DEFINITIONS = (
					"DEBUG=1",
					"$(inherited)",
				);
				GCC_WARN_64_TO_32_BIT_CONVERSION = YES;
				GCC_WARN_ABOUT_RETURN_TYPE = YES_ERROR;
				GCC_WARN_UNDECLARED_SELECTOR = YES;
				GCC_WARN_UNINITIALIZED_AUTOS = YES_AGGRESSIVE;
				GCC_WARN_UNUSED_FUNCTION = YES;
				GCC_WARN_UNUSED_VARIABLE = YES;
				IPHONEOS_DEPLOYMENT_TARGET = 15.0;
				MTL_ENABLE_DEBUG_INFO = INCLUDE_SOURCE;
				MTL_FAST_MATH = YES;
				ONLY_ACTIVE_ARCH = YES;
				SDKROOT = iphoneos;
				SWIFT_ACTIVE_COMPILATION_CONDITIONS = DEBUG;
				SWIFT_OPTIMIZATION_LEVEL = "-Onone";
			};
			name = Debug;
		};
		34DAD33226E1CEFD00FB9972 /* Release */ = {
			isa = XCBuildConfiguration;
			buildSettings = {
				ALWAYS_SEARCH_USER_PATHS = NO;
				CLANG_ANALYZER_NONNULL = YES;
				CLANG_ANALYZER_NUMBER_OBJECT_CONVERSION = YES_AGGRESSIVE;
				CLANG_CXX_LANGUAGE_STANDARD = "gnu++17";
				CLANG_CXX_LIBRARY = "libc++";
				CLANG_ENABLE_MODULES = YES;
				CLANG_ENABLE_OBJC_ARC = YES;
				CLANG_ENABLE_OBJC_WEAK = YES;
				CLANG_WARN_BLOCK_CAPTURE_AUTORELEASING = YES;
				CLANG_WARN_BOOL_CONVERSION = YES;
				CLANG_WARN_COMMA = YES;
				CLANG_WARN_CONSTANT_CONVERSION = YES;
				CLANG_WARN_DEPRECATED_OBJC_IMPLEMENTATIONS = YES;
				CLANG_WARN_DIRECT_OBJC_ISA_USAGE = YES_ERROR;
				CLANG_WARN_DOCUMENTATION_COMMENTS = YES;
				CLANG_WARN_EMPTY_BODY = YES;
				CLANG_WARN_ENUM_CONVERSION = YES;
				CLANG_WARN_INFINITE_RECURSION = YES;
				CLANG_WARN_INT_CONVERSION = YES;
				CLANG_WARN_NON_LITERAL_NULL_CONVERSION = YES;
				CLANG_WARN_OBJC_IMPLICIT_RETAIN_SELF = YES;
				CLANG_WARN_OBJC_LITERAL_CONVERSION = YES;
				CLANG_WARN_OBJC_ROOT_CLASS = YES_ERROR;
				CLANG_WARN_QUOTED_INCLUDE_IN_FRAMEWORK_HEADER = YES;
				CLANG_WARN_RANGE_LOOP_ANALYSIS = YES;
				CLANG_WARN_STRICT_PROTOTYPES = YES;
				CLANG_WARN_SUSPICIOUS_MOVE = YES;
				CLANG_WARN_UNGUARDED_AVAILABILITY = YES_AGGRESSIVE;
				CLANG_WARN_UNREACHABLE_CODE = YES;
				CLANG_WARN__DUPLICATE_METHOD_MATCH = YES;
				COPY_PHASE_STRIP = NO;
				DEBUG_INFORMATION_FORMAT = "dwarf-with-dsym";
				ENABLE_NS_ASSERTIONS = NO;
				ENABLE_STRICT_OBJC_MSGSEND = YES;
				GCC_C_LANGUAGE_STANDARD = gnu11;
				GCC_NO_COMMON_BLOCKS = YES;
				GCC_WARN_64_TO_32_BIT_CONVERSION = YES;
				GCC_WARN_ABOUT_RETURN_TYPE = YES_ERROR;
				GCC_WARN_UNDECLARED_SELECTOR = YES;
				GCC_WARN_UNINITIALIZED_AUTOS = YES_AGGRESSIVE;
				GCC_WARN_UNUSED_FUNCTION = YES;
				GCC_WARN_UNUSED_VARIABLE = YES;
				IPHONEOS_DEPLOYMENT_TARGET = 15.0;
				MTL_ENABLE_DEBUG_INFO = NO;
				MTL_FAST_MATH = YES;
				SDKROOT = iphoneos;
				SWIFT_COMPILATION_MODE = wholemodule;
				SWIFT_OPTIMIZATION_LEVEL = "-O";
				VALIDATE_PRODUCT = YES;
			};
			name = Release;
		};
		34DAD33426E1CEFD00FB9972 /* Debug */ = {
			isa = XCBuildConfiguration;
			buildSettings = {
				ASSETCATALOG_COMPILER_APPICON_NAME = AppIcon;
				ASSETCATALOG_COMPILER_GLOBAL_ACCENT_COLOR_NAME = AccentColor;
				CODE_SIGN_STYLE = Automatic;
				CURRENT_PROJECT_VERSION = 1;
				DEVELOPMENT_TEAM = A8SA62ZA26;
				GENERATE_INFOPLIST_FILE = YES;
				INFOPLIST_FILE = ExampleApp/Resources/Info.plist;
				INFOPLIST_KEY_CFBundleExecutable = ExampleApp;
				INFOPLIST_KEY_CFBundleName = ExampleApp;
				INFOPLIST_KEY_CFBundleVersion = 1;
				INFOPLIST_KEY_UIApplicationSupportsIndirectInputEvents = YES;
				INFOPLIST_KEY_UILaunchStoryboardName = LaunchScreen;
				INFOPLIST_KEY_UIMainStoryboardFile = Main;
				INFOPLIST_KEY_UISupportedInterfaceOrientations = UIInterfaceOrientationPortrait;
				INFOPLIST_KEY_UISupportedInterfaceOrientations_iPad = "UIInterfaceOrientationPortrait UIInterfaceOrientationPortraitUpsideDown UIInterfaceOrientationLandscapeLeft UIInterfaceOrientationLandscapeRight";
				INFOPLIST_KEY_UISupportedInterfaceOrientations_iPhone = "UIInterfaceOrientationPortrait UIInterfaceOrientationLandscapeLeft UIInterfaceOrientationLandscapeRight";
				LD_RUNPATH_SEARCH_PATHS = (
					"$(inherited)",
					"@executable_path/Frameworks",
				);
				MARKETING_VERSION = 1.0;
				PRODUCT_BUNDLE_IDENTIFIER = com.davidemi.ExampleApp;
				PRODUCT_NAME = "$(TARGET_NAME)";
				SWIFT_EMIT_LOC_STRINGS = YES;
				SWIFT_VERSION = 5.0;
				TARGETED_DEVICE_FAMILY = 1;
			};
			name = Debug;
		};
		34DAD33526E1CEFD00FB9972 /* Release */ = {
			isa = XCBuildConfiguration;
			buildSettings = {
				ASSETCATALOG_COMPILER_APPICON_NAME = AppIcon;
				ASSETCATALOG_COMPILER_GLOBAL_ACCENT_COLOR_NAME = AccentColor;
				CODE_SIGN_STYLE = Automatic;
				CURRENT_PROJECT_VERSION = 1;
				DEVELOPMENT_TEAM = A8SA62ZA26;
				GENERATE_INFOPLIST_FILE = YES;
				INFOPLIST_FILE = ExampleApp/Resources/Info.plist;
				INFOPLIST_KEY_CFBundleExecutable = ExampleApp;
				INFOPLIST_KEY_CFBundleName = ExampleApp;
				INFOPLIST_KEY_CFBundleVersion = 1;
				INFOPLIST_KEY_UIApplicationSupportsIndirectInputEvents = YES;
				INFOPLIST_KEY_UILaunchStoryboardName = LaunchScreen;
				INFOPLIST_KEY_UIMainStoryboardFile = Main;
				INFOPLIST_KEY_UISupportedInterfaceOrientations = UIInterfaceOrientationPortrait;
				INFOPLIST_KEY_UISupportedInterfaceOrientations_iPad = "UIInterfaceOrientationPortrait UIInterfaceOrientationPortraitUpsideDown UIInterfaceOrientationLandscapeLeft UIInterfaceOrientationLandscapeRight";
				INFOPLIST_KEY_UISupportedInterfaceOrientations_iPhone = "UIInterfaceOrientationPortrait UIInterfaceOrientationLandscapeLeft UIInterfaceOrientationLandscapeRight";
				LD_RUNPATH_SEARCH_PATHS = (
					"$(inherited)",
					"@executable_path/Frameworks",
				);
				MARKETING_VERSION = 1.0;
				PRODUCT_BUNDLE_IDENTIFIER = com.davidemi.ExampleApp;
				PRODUCT_NAME = "$(TARGET_NAME)";
				SWIFT_EMIT_LOC_STRINGS = YES;
				SWIFT_VERSION = 5.0;
				TARGETED_DEVICE_FAMILY = 1;
			};
			name = Release;
		};
/* End XCBuildConfiguration section */

/* Begin XCConfigurationList section */
		34DAD31A26E1CEFA00FB9972 /* Build configuration list for PBXProject "ExampleApp" */ = {
			isa = XCConfigurationList;
			buildConfigurations = (
				34DAD33126E1CEFD00FB9972 /* Debug */,
				34DAD33226E1CEFD00FB9972 /* Release */,
			);
			defaultConfigurationIsVisible = 0;
			defaultConfigurationName = Release;
		};
		34DAD33326E1CEFD00FB9972 /* Build configuration list for PBXNativeTarget "ExampleApp" */ = {
			isa = XCConfigurationList;
			buildConfigurations = (
				34DAD33426E1CEFD00FB9972 /* Debug */,
				34DAD33526E1CEFD00FB9972 /* Release */,
			);
			defaultConfigurationIsVisible = 0;
			defaultConfigurationName = Release;
		};
/* End XCConfigurationList section */
	};
	rootObject = 34DAD31726E1CEFA00FB9972 /* Project object */;
}
